
Microsoft Visual Studio Solution File, Format Version 12.00
# Visual Studio Version 16
VisualStudioVersion = 16.0.29806.167
MinimumVisualStudioVersion = 10.0.40219.1
Project("{FAE04EC0-301F-11D3-BF4B-00C04F79EFBC}") = "mstore_backoffice", "mstore_backoffice\mstore_backoffice.csproj", "{C6E0BA33-AE81-421C-891C-1494CA1FBCBC}"
EndProject
Project("{FAE04EC0-301F-11D3-BF4B-00C04F79EFBC}") = "mstore_backoffice_gui", "mstore_backoffice_gui\mstore_backoffice_gui.csproj", "{36E80A68-B1FB-4BFE-B7A8-747B39FE39CC}"
EndProject
Project("{FAE04EC0-301F-11D3-BF4B-00C04F79EFBC}") = "backoffice", "backoffice\backoffice.csproj", "{EDD9D5F9-F39F-42F8-8465-D528BF4D8FB5}"
EndProject
Project("{9A19103F-16F7-4668-BE54-9A1E7A4F7556}") = "mShop", "mShop\mShop.csproj", "{BA1EBE7A-11B8-4472-831C-73715BE85E4C}"
EndProject
Global
	GlobalSection(SolutionConfigurationPlatforms) = preSolution
		Debug|Any CPU = Debug|Any CPU
		Release|Any CPU = Release|Any CPU
	EndGlobalSection
	GlobalSection(ProjectConfigurationPlatforms) = postSolution
		{C6E0BA33-AE81-421C-891C-1494CA1FBCBC}.Debug|Any CPU.ActiveCfg = Debug|Any CPU
		{C6E0BA33-AE81-421C-891C-1494CA1FBCBC}.Debug|Any CPU.Build.0 = Debug|Any CPU
		{C6E0BA33-AE81-421C-891C-1494CA1FBCBC}.Release|Any CPU.ActiveCfg = Release|Any CPU
		{C6E0BA33-AE81-421C-891C-1494CA1FBCBC}.Release|Any CPU.Build.0 = Release|Any CPU
		{36E80A68-B1FB-4BFE-B7A8-747B39FE39CC}.Debug|Any CPU.ActiveCfg = Debug|Any CPU
		{36E80A68-B1FB-4BFE-B7A8-747B39FE39CC}.Debug|Any CPU.Build.0 = Debug|Any CPU
		{36E80A68-B1FB-4BFE-B7A8-747B39FE39CC}.Release|Any CPU.ActiveCfg = Release|Any CPU
		{36E80A68-B1FB-4BFE-B7A8-747B39FE39CC}.Release|Any CPU.Build.0 = Release|Any CPU
		{EDD9D5F9-F39F-42F8-8465-D528BF4D8FB5}.Debug|Any CPU.ActiveCfg = Debug|Any CPU
		{EDD9D5F9-F39F-42F8-8465-D528BF4D8FB5}.Debug|Any CPU.Build.0 = Debug|Any CPU
		{EDD9D5F9-F39F-42F8-8465-D528BF4D8FB5}.Release|Any CPU.ActiveCfg = Release|Any CPU
		{EDD9D5F9-F39F-42F8-8465-D528BF4D8FB5}.Release|Any CPU.Build.0 = Release|Any CPU
		{BA1EBE7A-11B8-4472-831C-73715BE85E4C}.Debug|Any CPU.ActiveCfg = Debug|Any CPU
		{BA1EBE7A-11B8-4472-831C-73715BE85E4C}.Debug|Any CPU.Build.0 = Debug|Any CPU
		{BA1EBE7A-11B8-4472-831C-73715BE85E4C}.Release|Any CPU.ActiveCfg = Release|Any CPU
		{BA1EBE7A-11B8-4472-831C-73715BE85E4C}.Release|Any CPU.Build.0 = Release|Any CPU
	EndGlobalSection
	GlobalSection(SolutionProperties) = preSolution
		HideSolutionNode = FALSE
	EndGlobalSection
	GlobalSection(ExtensibilityGlobals) = postSolution
		SolutionGuid = {74147EA4-04E5-44C7-A087-2106C8FBB431}
	EndGlobalSection
EndGlobal
